
Microsoft Visual Studio Solution File, Format Version 12.00
# Visual Studio Version 16
VisualStudioVersion = 16.0.809.7
MinimumVisualStudioVersion = 10.0.40219.1
Project("{FAE04EC0-301F-11D3-BF4B-00C04F79EFBC}") = "RavineRepair", "RavineRepair.csproj", "{D16D24BD-2B46-46B9-A616-228489BBA875}"
EndProject
Global
	GlobalSection(SolutionConfigurationPlatforms) = preSolution
		Debug|Any CPU = Debug|Any CPU
		Release|Any CPU = Release|Any CPU
	EndGlobalSection
	GlobalSection(ProjectConfigurationPlatforms) = postSolution
		{D16D24BD-2B46-46B9-A616-228489BBA875}.Debug|Any CPU.ActiveCfg = Debug|Any CPU
		{D16D24BD-2B46-46B9-A616-228489BBA875}.Debug|Any CPU.Build.0 = Debug|Any CPU
		{D16D24BD-2B46-46B9-A616-228489BBA875}.Release|Any CPU.ActiveCfg = Release|Any CPU
		{D16D24BD-2B46-46B9-A616-228489BBA875}.Release|Any CPU.Build.0 = Release|Any CPU
	EndGlobalSection
	GlobalSection(SolutionProperties) = preSolution
		HideSolutionNode = FALSE
	EndGlobalSection
	GlobalSection(ExtensibilityGlobals) = postSolution
		SolutionGuid = {752DC6B2-9B05-4F7D-8507-CA91B0F85188}
	EndGlobalSection
EndGlobal
